
Microsoft Visual Studio Solution File, Format Version 12.00
# Visual Studio 15
VisualStudioVersion = 15.0.26730.15
MinimumVisualStudioVersion = 10.0.40219.1
Project("{FAE04EC0-301F-11D3-BF4B-00C04F79EFBC}") = "Dapper", "Dapper\Dapper.csproj", "{4C05F85F-EE26-4D8F-95E3-1BE6ACCE246A}"
EndProject
Project("{FAE04EC0-301F-11D3-BF4B-00C04F79EFBC}") = "Dapper.Test", "Dapper.Test\Dapper.Test.csproj", "{23A2AA2B-03D4-4F76-94AF-AC04AF423F24}"
EndProject
Global
	GlobalSection(SolutionConfigurationPlatforms) = preSolution
		Debug|Any CPU = Debug|Any CPU
		Release|Any CPU = Release|Any CPU
	EndGlobalSection
	GlobalSection(ProjectConfigurationPlatforms) = postSolution
		{4C05F85F-EE26-4D8F-95E3-1BE6ACCE246A}.Debug|Any CPU.ActiveCfg = Debug|Any CPU
		{4C05F85F-EE26-4D8F-95E3-1BE6ACCE246A}.Debug|Any CPU.Build.0 = Debug|Any CPU
		{4C05F85F-EE26-4D8F-95E3-1BE6ACCE246A}.Release|Any CPU.ActiveCfg = Release|Any CPU
		{4C05F85F-EE26-4D8F-95E3-1BE6ACCE246A}.Release|Any CPU.Build.0 = Release|Any CPU
		{23A2AA2B-03D4-4F76-94AF-AC04AF423F24}.Debug|Any CPU.ActiveCfg = Debug|Any CPU
		{23A2AA2B-03D4-4F76-94AF-AC04AF423F24}.Debug|Any CPU.Build.0 = Debug|Any CPU
		{23A2AA2B-03D4-4F76-94AF-AC04AF423F24}.Release|Any CPU.ActiveCfg = Release|Any CPU
		{23A2AA2B-03D4-4F76-94AF-AC04AF423F24}.Release|Any CPU.Build.0 = Release|Any CPU
	EndGlobalSection
	GlobalSection(SolutionProperties) = preSolution
		HideSolutionNode = FALSE
	EndGlobalSection
	GlobalSection(ExtensibilityGlobals) = postSolution
		SolutionGuid = {63B8E126-5DAF-458C-A927-79A9DE443B5C}
	EndGlobalSection
EndGlobal
